<?xml version="1.0" encoding="UTF-8"?>
<Scheme
   version = "1.3">
   <BuildAction>
      <BuildActionEntries>
         <BuildActionEntry
            buildForRunning = "YES">
            <BuildableReference
               BuildableIdentifier = "primary"
               BlueprintIdentifier = "18C708DD276777350023CC15"
               BuildableName = "swiftui_app_template.app"
               BlueprintName = "swiftui_app_template"
               ReferencedContainer = "container:swiftui_app_template.xcodeproj">
            </BuildableReference>
         </BuildActionEntry>
      </BuildActionEntries>
   </BuildAction>
   <LaunchAction
      useCustomWorkingDirectory = "NO"
      buildConfiguration = "Debug"
      allowLocationSimulation = "YES">
      <BuildableProductRunnable>
         <BuildableReference
            BuildableIdentifier = "primary"
            BlueprintIdentifier = "18C708DD276777350023CC15"
            BuildableName = "swiftui_app_template.app"
            BlueprintName = "swiftui_app_template"
            ReferencedContainer = "container:swiftui_app_template.xcodeproj">
         </BuildableReference>
      </BuildableProductRunnable>
   </LaunchAction>
</Scheme>
